
Microsoft Visual Studio Solution File, Format Version 12.00
# Visual Studio Version 17
VisualStudioVersion = 17.1.32414.318
MinimumVisualStudioVersion = 10.0.40219.1
Project("{9A19103F-16F7-4668-BE54-9A1E7A4F7556}") = "TwitchBot", "WinFormsApp1\TwitchBot.csproj", "{0B1E3301-8528-4BA1-A45B-7E36FE179A96}"
EndProject
Global
	GlobalSection(SolutionConfigurationPlatforms) = preSolution
		Debug|Any CPU = Debug|Any CPU
		Debug|ARM = Debug|ARM
		Debug|ARM64 = Debug|ARM64
		Debug|x64 = Debug|x64
		Debug|x86 = Debug|x86
		Release|Any CPU = Release|Any CPU
		Release|ARM = Release|ARM
		Release|ARM64 = Release|ARM64
		Release|x64 = Release|x64
		Release|x86 = Release|x86
	EndGlobalSection
	GlobalSection(ProjectConfigurationPlatforms) = postSolution
		{0B1E3301-8528-4BA1-A45B-7E36FE179A96}.Debug|Any CPU.ActiveCfg = Debug|Any CPU
		{0B1E3301-8528-4BA1-A45B-7E36FE179A96}.Debug|Any CPU.Build.0 = Debug|Any CPU
		{0B1E3301-8528-4BA1-A45B-7E36FE179A96}.Debug|ARM.ActiveCfg = Debug|Any CPU
		{0B1E3301-8528-4BA1-A45B-7E36FE179A96}.Debug|ARM.Build.0 = Debug|Any CPU
		{0B1E3301-8528-4BA1-A45B-7E36FE179A96}.Debug|ARM64.ActiveCfg = Debug|Any CPU
		{0B1E3301-8528-4BA1-A45B-7E36FE179A96}.Debug|ARM64.Build.0 = Debug|Any CPU
		{0B1E3301-8528-4BA1-A45B-7E36FE179A96}.Debug|x64.ActiveCfg = Debug|Any CPU
		{0B1E3301-8528-4BA1-A45B-7E36FE179A96}.Debug|x64.Build.0 = Debug|Any CPU
		{0B1E3301-8528-4BA1-A45B-7E36FE179A96}.Debug|x86.ActiveCfg = Debug|Any CPU
		{0B1E3301-8528-4BA1-A45B-7E36FE179A96}.Debug|x86.Build.0 = Debug|Any CPU
		{0B1E3301-8528-4BA1-A45B-7E36FE179A96}.Release|Any CPU.ActiveCfg = Release|Any CPU
		{0B1E3301-8528-4BA1-A45B-7E36FE179A96}.Release|Any CPU.Build.0 = Release|Any CPU
		{0B1E3301-8528-4BA1-A45B-7E36FE179A96}.Release|ARM.ActiveCfg = Release|Any CPU
		{0B1E3301-8528-4BA1-A45B-7E36FE179A96}.Release|ARM.Build.0 = Release|Any CPU
		{0B1E3301-8528-4BA1-A45B-7E36FE179A96}.Release|ARM64.ActiveCfg = Release|Any CPU
		{0B1E3301-8528-4BA1-A45B-7E36FE179A96}.Release|ARM64.Build.0 = Release|Any CPU
		{0B1E3301-8528-4BA1-A45B-7E36FE179A96}.Release|x64.ActiveCfg = Release|Any CPU
		{0B1E3301-8528-4BA1-A45B-7E36FE179A96}.Release|x64.Build.0 = Release|Any CPU
		{0B1E3301-8528-4BA1-A45B-7E36FE179A96}.Release|x86.ActiveCfg = Release|Any CPU
		{0B1E3301-8528-4BA1-A45B-7E36FE179A96}.Release|x86.Build.0 = Release|Any CPU
	EndGlobalSection
	GlobalSection(SolutionProperties) = preSolution
		HideSolutionNode = FALSE
	EndGlobalSection
	GlobalSection(ExtensibilityGlobals) = postSolution
		SolutionGuid = {6FFA4611-2E32-4DBE-B28C-65C257E00692}
	EndGlobalSection
EndGlobal
